
Microsoft Visual Studio Solution File, Format Version 12.00
# Visual Studio Version 16
VisualStudioVersion = 16.0.31410.357
MinimumVisualStudioVersion = 10.0.40219.1
Project("{FAE04EC0-301F-11D3-BF4B-00C04F79EFBC}") = "PlannerApp", "PlannerApp\PlannerApp.csproj", "{619686DC-B620-42F5-AD4F-84A81BFF7EA1}"
EndProject
Project("{FAE04EC0-301F-11D3-BF4B-00C04F79EFBC}") = "PlannnerApp.Shared", "PlannnerApp.Shared\PlannnerApp.Shared.csproj", "{136ECB51-4AF0-453A-8ADD-EDD35A496528}"
EndProject
Global
	GlobalSection(SolutionConfigurationPlatforms) = preSolution
		Debug|Any CPU = Debug|Any CPU
		Release|Any CPU = Release|Any CPU
	EndGlobalSection
	GlobalSection(ProjectConfigurationPlatforms) = postSolution
		{619686DC-B620-42F5-AD4F-84A81BFF7EA1}.Debug|Any CPU.ActiveCfg = Debug|Any CPU
		{619686DC-B620-42F5-AD4F-84A81BFF7EA1}.Debug|Any CPU.Build.0 = Debug|Any CPU
		{619686DC-B620-42F5-AD4F-84A81BFF7EA1}.Release|Any CPU.ActiveCfg = Release|Any CPU
		{619686DC-B620-42F5-AD4F-84A81BFF7EA1}.Release|Any CPU.Build.0 = Release|Any CPU
		{136ECB51-4AF0-453A-8ADD-EDD35A496528}.Debug|Any CPU.ActiveCfg = Debug|Any CPU
		{136ECB51-4AF0-453A-8ADD-EDD35A496528}.Debug|Any CPU.Build.0 = Debug|Any CPU
		{136ECB51-4AF0-453A-8ADD-EDD35A496528}.Release|Any CPU.ActiveCfg = Release|Any CPU
		{136ECB51-4AF0-453A-8ADD-EDD35A496528}.Release|Any CPU.Build.0 = Release|Any CPU
	EndGlobalSection
	GlobalSection(SolutionProperties) = preSolution
		HideSolutionNode = FALSE
	EndGlobalSection
	GlobalSection(ExtensibilityGlobals) = postSolution
		SolutionGuid = {3F6DFFFD-4B6D-4AA4-AC07-5A8F6E0F990F}
	EndGlobalSection
EndGlobal
